
Microsoft Visual Studio Solution File, Format Version 12.00
# Visual Studio Version 17
VisualStudioVersion = 17.1.32210.238
MinimumVisualStudioVersion = 10.0.40219.1
Project("{9A19103F-16F7-4668-BE54-9A1E7A4F7556}") = "DiplomaWork", "DiplomaWork\DiplomaWork.csproj", "{13712852-4C2A-48E2-A078-B6C7AB893E31}"
EndProject
Project("{9A19103F-16F7-4668-BE54-9A1E7A4F7556}") = "DiplomaWork_WebSite", "DiplomaWork_WebSite\DiplomaWork_WebSite.csproj", "{D7964901-1164-4406-858C-4864BEE821F3}"
EndProject
Global
	GlobalSection(SolutionConfigurationPlatforms) = preSolution
		Debug|Any CPU = Debug|Any CPU
		Debug|ARM = Debug|ARM
		Debug|ARM64 = Debug|ARM64
		Debug|iPhone = Debug|iPhone
		Debug|iPhoneSimulator = Debug|iPhoneSimulator
		Debug|x64 = Debug|x64
		Debug|x86 = Debug|x86
		Release|Any CPU = Release|Any CPU
		Release|ARM = Release|ARM
		Release|ARM64 = Release|ARM64
		Release|iPhone = Release|iPhone
		Release|iPhoneSimulator = Release|iPhoneSimulator
		Release|x64 = Release|x64
		Release|x86 = Release|x86
	EndGlobalSection
	GlobalSection(ProjectConfigurationPlatforms) = postSolution
		{13712852-4C2A-48E2-A078-B6C7AB893E31}.Debug|Any CPU.ActiveCfg = Debug|Any CPU
		{13712852-4C2A-48E2-A078-B6C7AB893E31}.Debug|Any CPU.Build.0 = Debug|Any CPU
		{13712852-4C2A-48E2-A078-B6C7AB893E31}.Debug|ARM.ActiveCfg = Debug|Any CPU
		{13712852-4C2A-48E2-A078-B6C7AB893E31}.Debug|ARM.Build.0 = Debug|Any CPU
		{13712852-4C2A-48E2-A078-B6C7AB893E31}.Debug|ARM64.ActiveCfg = Debug|Any CPU
		{13712852-4C2A-48E2-A078-B6C7AB893E31}.Debug|ARM64.Build.0 = Debug|Any CPU
		{13712852-4C2A-48E2-A078-B6C7AB893E31}.Debug|iPhone.ActiveCfg = Debug|Any CPU
		{13712852-4C2A-48E2-A078-B6C7AB893E31}.Debug|iPhone.Build.0 = Debug|Any CPU
		{13712852-4C2A-48E2-A078-B6C7AB893E31}.Debug|iPhoneSimulator.ActiveCfg = Debug|Any CPU
		{13712852-4C2A-48E2-A078-B6C7AB893E31}.Debug|iPhoneSimulator.Build.0 = Debug|Any CPU
		{13712852-4C2A-48E2-A078-B6C7AB893E31}.Debug|x64.ActiveCfg = Debug|Any CPU
		{13712852-4C2A-48E2-A078-B6C7AB893E31}.Debug|x64.Build.0 = Debug|Any CPU
		{13712852-4C2A-48E2-A078-B6C7AB893E31}.Debug|x86.ActiveCfg = Debug|Any CPU
		{13712852-4C2A-48E2-A078-B6C7AB893E31}.Debug|x86.Build.0 = Debug|Any CPU
		{13712852-4C2A-48E2-A078-B6C7AB893E31}.Release|Any CPU.ActiveCfg = Debug|Any CPU
		{13712852-4C2A-48E2-A078-B6C7AB893E31}.Release|Any CPU.Build.0 = Debug|Any CPU
		{13712852-4C2A-48E2-A078-B6C7AB893E31}.Release|ARM.ActiveCfg = Release|Any CPU
		{13712852-4C2A-48E2-A078-B6C7AB893E31}.Release|ARM.Build.0 = Release|Any CPU
		{13712852-4C2A-48E2-A078-B6C7AB893E31}.Release|ARM64.ActiveCfg = Release|Any CPU
		{13712852-4C2A-48E2-A078-B6C7AB893E31}.Release|ARM64.Build.0 = Release|Any CPU
		{13712852-4C2A-48E2-A078-B6C7AB893E31}.Release|iPhone.ActiveCfg = Release|Any CPU
		{13712852-4C2A-48E2-A078-B6C7AB893E31}.Release|iPhone.Build.0 = Release|Any CPU
		{13712852-4C2A-48E2-A078-B6C7AB893E31}.Release|iPhoneSimulator.ActiveCfg = Release|Any CPU
		{13712852-4C2A-48E2-A078-B6C7AB893E31}.Release|iPhoneSimulator.Build.0 = Release|Any CPU
		{13712852-4C2A-48E2-A078-B6C7AB893E31}.Release|x64.ActiveCfg = Release|Any CPU
		{13712852-4C2A-48E2-A078-B6C7AB893E31}.Release|x64.Build.0 = Release|Any CPU
		{13712852-4C2A-48E2-A078-B6C7AB893E31}.Release|x86.ActiveCfg = Release|Any CPU
		{13712852-4C2A-48E2-A078-B6C7AB893E31}.Release|x86.Build.0 = Release|Any CPU
		{D7964901-1164-4406-858C-4864BEE821F3}.Debug|Any CPU.ActiveCfg = Debug|Any CPU
		{D7964901-1164-4406-858C-4864BEE821F3}.Debug|Any CPU.Build.0 = Debug|Any CPU
		{D7964901-1164-4406-858C-4864BEE821F3}.Debug|ARM.ActiveCfg = Debug|Any CPU
		{D7964901-1164-4406-858C-4864BEE821F3}.Debug|ARM.Build.0 = Debug|Any CPU
		{D7964901-1164-4406-858C-4864BEE821F3}.Debug|ARM64.ActiveCfg = Debug|Any CPU
		{D7964901-1164-4406-858C-4864BEE821F3}.Debug|ARM64.Build.0 = Debug|Any CPU
		{D7964901-1164-4406-858C-4864BEE821F3}.Debug|iPhone.ActiveCfg = Debug|Any CPU
		{D7964901-1164-4406-858C-4864BEE821F3}.Debug|iPhone.Build.0 = Debug|Any CPU
		{D7964901-1164-4406-858C-4864BEE821F3}.Debug|iPhoneSimulator.ActiveCfg = Debug|Any CPU
		{D7964901-1164-4406-858C-4864BEE821F3}.Debug|iPhoneSimulator.Build.0 = Debug|Any CPU
		{D7964901-1164-4406-858C-4864BEE821F3}.Debug|x64.ActiveCfg = Debug|Any CPU
		{D7964901-1164-4406-858C-4864BEE821F3}.Debug|x64.Build.0 = Debug|Any CPU
		{D7964901-1164-4406-858C-4864BEE821F3}.Debug|x86.ActiveCfg = Debug|Any CPU
		{D7964901-1164-4406-858C-4864BEE821F3}.Debug|x86.Build.0 = Debug|Any CPU
		{D7964901-1164-4406-858C-4864BEE821F3}.Release|Any CPU.ActiveCfg = Debug|Any CPU
		{D7964901-1164-4406-858C-4864BEE821F3}.Release|Any CPU.Build.0 = Debug|Any CPU
		{D7964901-1164-4406-858C-4864BEE821F3}.Release|ARM.ActiveCfg = Release|Any CPU
		{D7964901-1164-4406-858C-4864BEE821F3}.Release|ARM.Build.0 = Release|Any CPU
		{D7964901-1164-4406-858C-4864BEE821F3}.Release|ARM64.ActiveCfg = Release|Any CPU
		{D7964901-1164-4406-858C-4864BEE821F3}.Release|ARM64.Build.0 = Release|Any CPU
		{D7964901-1164-4406-858C-4864BEE821F3}.Release|iPhone.ActiveCfg = Release|Any CPU
		{D7964901-1164-4406-858C-4864BEE821F3}.Release|iPhone.Build.0 = Release|Any CPU
		{D7964901-1164-4406-858C-4864BEE821F3}.Release|iPhoneSimulator.ActiveCfg = Release|Any CPU
		{D7964901-1164-4406-858C-4864BEE821F3}.Release|iPhoneSimulator.Build.0 = Release|Any CPU
		{D7964901-1164-4406-858C-4864BEE821F3}.Release|x64.ActiveCfg = Release|Any CPU
		{D7964901-1164-4406-858C-4864BEE821F3}.Release|x64.Build.0 = Release|Any CPU
		{D7964901-1164-4406-858C-4864BEE821F3}.Release|x86.ActiveCfg = Release|Any CPU
		{D7964901-1164-4406-858C-4864BEE821F3}.Release|x86.Build.0 = Release|Any CPU
	EndGlobalSection
	GlobalSection(SolutionProperties) = preSolution
		HideSolutionNode = FALSE
	EndGlobalSection
	GlobalSection(ExtensibilityGlobals) = postSolution
		SolutionGuid = {A2C49611-FCD5-432C-BFE0-B3ED8BDAFA0F}
	EndGlobalSection
EndGlobal
